
Microsoft Visual Studio Solution File, Format Version 12.00
# Visual Studio 15
VisualStudioVersion = 15.0.28307.902
MinimumVisualStudioVersion = 10.0.40219.1
Project("{FAE04EC0-301F-11D3-BF4B-00C04F79EFBC}") = "PaymentHighwayApi", "PaymentHighwayApi\PaymentHighwayApi.csproj", "{596B9E36-C8D6-44BD-A80F-1E991C333E32}"
EndProject
Global
	GlobalSection(SolutionConfigurationPlatforms) = preSolution
		Debug|Any CPU = Debug|Any CPU
		Release|Any CPU = Release|Any CPU
	EndGlobalSection
	GlobalSection(ProjectConfigurationPlatforms) = postSolution
		{596B9E36-C8D6-44BD-A80F-1E991C333E32}.Debug|Any CPU.ActiveCfg = Debug|Any CPU
		{596B9E36-C8D6-44BD-A80F-1E991C333E32}.Debug|Any CPU.Build.0 = Debug|Any CPU
		{596B9E36-C8D6-44BD-A80F-1E991C333E32}.Release|Any CPU.ActiveCfg = Release|Any CPU
		{596B9E36-C8D6-44BD-A80F-1E991C333E32}.Release|Any CPU.Build.0 = Release|Any CPU
	EndGlobalSection
	GlobalSection(SolutionProperties) = preSolution
		HideSolutionNode = FALSE
	EndGlobalSection
	GlobalSection(ExtensibilityGlobals) = postSolution
		SolutionGuid = {0A5F41A1-E409-4B9A-B2C1-81A329FD4C31}
	EndGlobalSection
EndGlobal
